
Microsoft Visual Studio Solution File, Format Version 12.00
# Visual Studio 15
VisualStudioVersion = 15.0.28307.1145
MinimumVisualStudioVersion = 10.0.40219.1
Project("{8BC9CEB8-8B4A-11D0-8D11-00A0C91BC942}") = "SAP-1", "SAP-1\SAP-1.vcxproj", "{97AD5CD1-C8A4-4788-8C5E-8AB5857679A3}"
EndProject
Global
	GlobalSection(SolutionConfigurationPlatforms) = preSolution
		Debug|x64 = Debug|x64
		Debug|x86 = Debug|x86
		Release|x64 = Release|x64
		Release|x86 = Release|x86
	EndGlobalSection
	GlobalSection(ProjectConfigurationPlatforms) = postSolution
		{97AD5CD1-C8A4-4788-8C5E-8AB5857679A3}.Debug|x64.ActiveCfg = Debug|x64
		{97AD5CD1-C8A4-4788-8C5E-8AB5857679A3}.Debug|x64.Build.0 = Debug|x64
		{97AD5CD1-C8A4-4788-8C5E-8AB5857679A3}.Debug|x86.ActiveCfg = Debug|Win32
		{97AD5CD1-C8A4-4788-8C5E-8AB5857679A3}.Debug|x86.Build.0 = Debug|Win32
		{97AD5CD1-C8A4-4788-8C5E-8AB5857679A3}.Release|x64.ActiveCfg = Release|x64
		{97AD5CD1-C8A4-4788-8C5E-8AB5857679A3}.Release|x64.Build.0 = Release|x64
		{97AD5CD1-C8A4-4788-8C5E-8AB5857679A3}.Release|x86.ActiveCfg = Release|Win32
		{97AD5CD1-C8A4-4788-8C5E-8AB5857679A3}.Release|x86.Build.0 = Release|Win32
	EndGlobalSection
	GlobalSection(SolutionProperties) = preSolution
		HideSolutionNode = FALSE
	EndGlobalSection
	GlobalSection(ExtensibilityGlobals) = postSolution
		SolutionGuid = {8E701FA7-9361-4ABA-9EA2-653032E0C522}
	EndGlobalSection
EndGlobal
